
Microsoft Visual Studio Solution File, Format Version 12.00
# Visual Studio 15
VisualStudioVersion = 15.0.26730.10
MinimumVisualStudioVersion = 10.0.40219.1
Project("{2150E333-8FDC-42A3-9474-1A3956D46DE8}") = "Solution Items", "Solution Items", "{6DA55AE6-B89F-4672-8723-6C578B4ED772}"
	ProjectSection(SolutionItems) = preProject
		LICENSE = LICENSE
		README.md = README.md
	EndProjectSection
EndProject
Project("{FAE04EC0-301F-11D3-BF4B-00C04F79EFBC}") = "HuaweiMobileRouter", "HuaweiMobileRouter\HuaweiMobileRouter.csproj", "{8A908B6C-437B-4FD0-88B0-3F8D568D6B94}"
EndProject
Global
	GlobalSection(SolutionConfigurationPlatforms) = preSolution
		Debug|Any CPU = Debug|Any CPU
		Release|Any CPU = Release|Any CPU
	EndGlobalSection
	GlobalSection(ProjectConfigurationPlatforms) = postSolution
		{8A908B6C-437B-4FD0-88B0-3F8D568D6B94}.Debug|Any CPU.ActiveCfg = Debug|Any CPU
		{8A908B6C-437B-4FD0-88B0-3F8D568D6B94}.Debug|Any CPU.Build.0 = Debug|Any CPU
		{8A908B6C-437B-4FD0-88B0-3F8D568D6B94}.Release|Any CPU.ActiveCfg = Release|Any CPU
		{8A908B6C-437B-4FD0-88B0-3F8D568D6B94}.Release|Any CPU.Build.0 = Release|Any CPU
	EndGlobalSection
	GlobalSection(SolutionProperties) = preSolution
		HideSolutionNode = FALSE
	EndGlobalSection
	GlobalSection(ExtensibilityGlobals) = postSolution
		SolutionGuid = {1901EA90-048E-4DAB-A89D-A50F973ED697}
	EndGlobalSection
EndGlobal
