
Microsoft Visual Studio Solution File, Format Version 12.00
# Visual Studio 15
VisualStudioVersion = 15.0.26403.7
MinimumVisualStudioVersion = 10.0.40219.1
Project("{FAE04EC0-301F-11D3-BF4B-00C04F79EFBC}") = "RainHourForecast", "RainHourForecast\RainHourForecast.csproj", "{8D1F4E6B-6566-423A-B98A-11B46689233B}"
EndProject
Global
	GlobalSection(SolutionConfigurationPlatforms) = preSolution
		Debug|Any CPU = Debug|Any CPU
		Release|Any CPU = Release|Any CPU
	EndGlobalSection
	GlobalSection(ProjectConfigurationPlatforms) = postSolution
		{8D1F4E6B-6566-423A-B98A-11B46689233B}.Debug|Any CPU.ActiveCfg = Debug|Any CPU
		{8D1F4E6B-6566-423A-B98A-11B46689233B}.Debug|Any CPU.Build.0 = Debug|Any CPU
		{8D1F4E6B-6566-423A-B98A-11B46689233B}.Release|Any CPU.ActiveCfg = Release|Any CPU
		{8D1F4E6B-6566-423A-B98A-11B46689233B}.Release|Any CPU.Build.0 = Release|Any CPU
	EndGlobalSection
	GlobalSection(SolutionProperties) = preSolution
		HideSolutionNode = FALSE
	EndGlobalSection
EndGlobal
