
Microsoft Visual Studio Solution File, Format Version 12.00
# Visual Studio 14
VisualStudioVersion = 14.0.24720.0
MinimumVisualStudioVersion = 10.0.40219.1
Project("{FAE04EC0-301F-11D3-BF4B-00C04F79EFBC}") = "Mikrotik", "Mikrotik\Mikrotik.csproj", "{F6FFE245-4DBB-430F-B59B-7A2FA64CF68E}"
EndProject
Project("{2150E333-8FDC-42A3-9474-1A3956D46DE8}") = "Solution Items", "Solution Items", "{782DAB9E-69D1-4E3A-A6CF-874F41D761E3}"
	ProjectSection(SolutionItems) = preProject
		LICENSE = LICENSE
		README.md = README.md
	EndProjectSection
EndProject
Project("{FAE04EC0-301F-11D3-BF4B-00C04F79EFBC}") = "tik4net", "tik4net\tik4net\tik4net.csproj", "{15288F76-5A85-418E-87B2-B22265726601}"
EndProject
Project("{FAE04EC0-301F-11D3-BF4B-00C04F79EFBC}") = "tik4net.objects", "tik4net\tik4net.objects\tik4net.objects.csproj", "{DD32E354-19C0-4992-902B-9CDD8E53E879}"
EndProject
Project("{2150E333-8FDC-42A3-9474-1A3956D46DE8}") = "Libs", "Libs", "{0B90923A-59D4-4A91-A60C-3E9B3C801434}"
EndProject
Global
	GlobalSection(SolutionConfigurationPlatforms) = preSolution
		Debug|Any CPU = Debug|Any CPU
		Release|Any CPU = Release|Any CPU
	EndGlobalSection
	GlobalSection(ProjectConfigurationPlatforms) = postSolution
		{F6FFE245-4DBB-430F-B59B-7A2FA64CF68E}.Debug|Any CPU.ActiveCfg = Debug|Any CPU
		{F6FFE245-4DBB-430F-B59B-7A2FA64CF68E}.Debug|Any CPU.Build.0 = Debug|Any CPU
		{F6FFE245-4DBB-430F-B59B-7A2FA64CF68E}.Release|Any CPU.ActiveCfg = Release|Any CPU
		{F6FFE245-4DBB-430F-B59B-7A2FA64CF68E}.Release|Any CPU.Build.0 = Release|Any CPU
		{15288F76-5A85-418E-87B2-B22265726601}.Debug|Any CPU.ActiveCfg = Debug|Any CPU
		{15288F76-5A85-418E-87B2-B22265726601}.Debug|Any CPU.Build.0 = Debug|Any CPU
		{15288F76-5A85-418E-87B2-B22265726601}.Release|Any CPU.ActiveCfg = Release|Any CPU
		{15288F76-5A85-418E-87B2-B22265726601}.Release|Any CPU.Build.0 = Release|Any CPU
		{DD32E354-19C0-4992-902B-9CDD8E53E879}.Debug|Any CPU.ActiveCfg = Debug|Any CPU
		{DD32E354-19C0-4992-902B-9CDD8E53E879}.Debug|Any CPU.Build.0 = Debug|Any CPU
		{DD32E354-19C0-4992-902B-9CDD8E53E879}.Release|Any CPU.ActiveCfg = Release|Any CPU
		{DD32E354-19C0-4992-902B-9CDD8E53E879}.Release|Any CPU.Build.0 = Release|Any CPU
	EndGlobalSection
	GlobalSection(SolutionProperties) = preSolution
		HideSolutionNode = FALSE
	EndGlobalSection
	GlobalSection(NestedProjects) = preSolution
		{15288F76-5A85-418E-87B2-B22265726601} = {0B90923A-59D4-4A91-A60C-3E9B3C801434}
		{DD32E354-19C0-4992-902B-9CDD8E53E879} = {0B90923A-59D4-4A91-A60C-3E9B3C801434}
	EndGlobalSection
EndGlobal
