
Microsoft Visual Studio Solution File, Format Version 12.00
# Visual Studio 14
VisualStudioVersion = 14.0.24720.0
MinimumVisualStudioVersion = 10.0.40219.1
Project("{FAE04EC0-301F-11D3-BF4B-00C04F79EFBC}") = "ForecastIO", "ForecastIO\ForecastIO.csproj", "{4643772B-5042-476C-9399-4607063A6E0D}"
EndProject
Project("{2150E333-8FDC-42A3-9474-1A3956D46DE8}") = "Solution Items", "Solution Items", "{5B30BC79-2665-470C-95FA-4BC5DC609C97}"
	ProjectSection(SolutionItems) = preProject
		LICENSE = LICENSE
		README.md = README.md
	EndProjectSection
EndProject
Global
	GlobalSection(SolutionConfigurationPlatforms) = preSolution
		Debug|Any CPU = Debug|Any CPU
		Release|Any CPU = Release|Any CPU
	EndGlobalSection
	GlobalSection(ProjectConfigurationPlatforms) = postSolution
		{4643772B-5042-476C-9399-4607063A6E0D}.Debug|Any CPU.ActiveCfg = Debug|Any CPU
		{4643772B-5042-476C-9399-4607063A6E0D}.Debug|Any CPU.Build.0 = Debug|Any CPU
		{4643772B-5042-476C-9399-4607063A6E0D}.Release|Any CPU.ActiveCfg = Release|Any CPU
		{4643772B-5042-476C-9399-4607063A6E0D}.Release|Any CPU.Build.0 = Release|Any CPU
	EndGlobalSection
	GlobalSection(SolutionProperties) = preSolution
		HideSolutionNode = FALSE
	EndGlobalSection
EndGlobal
