
Microsoft Visual Studio Solution File, Format Version 12.00
# Visual Studio 15
VisualStudioVersion = 15.0.26730.10
MinimumVisualStudioVersion = 10.0.40219.1
Project("{2150E333-8FDC-42A3-9474-1A3956D46DE8}") = "Solution Items", "Solution Items", "{33495F3E-CE90-4C23-ADDD-855939B3CB93}"
	ProjectSection(SolutionItems) = preProject
		LICENSE = LICENSE
		README.md = README.md
	EndProjectSection
EndProject
Project("{FAE04EC0-301F-11D3-BF4B-00C04F79EFBC}") = "Modbus", "PiModbus\PiModbus.csproj", "{A042DDF7-9412-4E31-86B2-63F9B453D0DA}"
EndProject
Global
	GlobalSection(SolutionConfigurationPlatforms) = preSolution
		Debug|Any CPU = Debug|Any CPU
		Release|Any CPU = Release|Any CPU
	EndGlobalSection
	GlobalSection(ProjectConfigurationPlatforms) = postSolution
		{A042DDF7-9412-4E31-86B2-63F9B453D0DA}.Debug|Any CPU.ActiveCfg = Debug|Any CPU
		{A042DDF7-9412-4E31-86B2-63F9B453D0DA}.Debug|Any CPU.Build.0 = Debug|Any CPU
		{A042DDF7-9412-4E31-86B2-63F9B453D0DA}.Release|Any CPU.ActiveCfg = Release|Any CPU
		{A042DDF7-9412-4E31-86B2-63F9B453D0DA}.Release|Any CPU.Build.0 = Release|Any CPU
	EndGlobalSection
	GlobalSection(SolutionProperties) = preSolution
		HideSolutionNode = FALSE
	EndGlobalSection
	GlobalSection(ExtensibilityGlobals) = postSolution
		SolutionGuid = {8B00DC1F-CA3B-4C8D-BCBA-595057DF4B15}
	EndGlobalSection
EndGlobal
