
Microsoft Visual Studio Solution File, Format Version 12.00
# Visual Studio 15
VisualStudioVersion = 15.0.26730.10
MinimumVisualStudioVersion = 10.0.40219.1
Project("{FAE04EC0-301F-11D3-BF4B-00C04F79EFBC}") = "HWMonitor", "HWMonitor\HWMonitor.csproj", "{49ED0361-9C83-4549-A9FF-A208910E8FF2}"
EndProject
Project("{2150E333-8FDC-42A3-9474-1A3956D46DE8}") = "Solution Items", "Solution Items", "{147F4B2A-07D1-46B2-806B-3F4E461FF5D6}"
	ProjectSection(SolutionItems) = preProject
		LICENSE = LICENSE
		README.md = README.md
	EndProjectSection
EndProject
Project("{FAE04EC0-301F-11D3-BF4B-00C04F79EFBC}") = "OpenHardwareMonitorLib", "LibreHardwareMonitor\OpenHardwareMonitorLib.csproj", "{B0397530-545A-471D-BB74-027AE456DF1A}"
EndProject
Global
	GlobalSection(SolutionConfigurationPlatforms) = preSolution
		Debug|Any CPU = Debug|Any CPU
		Debug|x86 = Debug|x86
		Release|Any CPU = Release|Any CPU
		Release|x86 = Release|x86
	EndGlobalSection
	GlobalSection(ProjectConfigurationPlatforms) = postSolution
		{49ED0361-9C83-4549-A9FF-A208910E8FF2}.Debug|Any CPU.ActiveCfg = Debug|Any CPU
		{49ED0361-9C83-4549-A9FF-A208910E8FF2}.Debug|Any CPU.Build.0 = Debug|Any CPU
		{49ED0361-9C83-4549-A9FF-A208910E8FF2}.Debug|x86.ActiveCfg = Debug|x86
		{49ED0361-9C83-4549-A9FF-A208910E8FF2}.Debug|x86.Build.0 = Debug|x86
		{49ED0361-9C83-4549-A9FF-A208910E8FF2}.Release|Any CPU.ActiveCfg = Release|Any CPU
		{49ED0361-9C83-4549-A9FF-A208910E8FF2}.Release|Any CPU.Build.0 = Release|Any CPU
		{49ED0361-9C83-4549-A9FF-A208910E8FF2}.Release|x86.ActiveCfg = Release|x86
		{49ED0361-9C83-4549-A9FF-A208910E8FF2}.Release|x86.Build.0 = Release|x86
		{B0397530-545A-471D-BB74-027AE456DF1A}.Debug|Any CPU.ActiveCfg = Debug|Any CPU
		{B0397530-545A-471D-BB74-027AE456DF1A}.Debug|Any CPU.Build.0 = Debug|Any CPU
		{B0397530-545A-471D-BB74-027AE456DF1A}.Debug|x86.ActiveCfg = Debug|Any CPU
		{B0397530-545A-471D-BB74-027AE456DF1A}.Debug|x86.Build.0 = Debug|Any CPU
		{B0397530-545A-471D-BB74-027AE456DF1A}.Release|Any CPU.ActiveCfg = Release|Any CPU
		{B0397530-545A-471D-BB74-027AE456DF1A}.Release|Any CPU.Build.0 = Release|Any CPU
		{B0397530-545A-471D-BB74-027AE456DF1A}.Release|x86.ActiveCfg = Release|Any CPU
		{B0397530-545A-471D-BB74-027AE456DF1A}.Release|x86.Build.0 = Release|Any CPU
	EndGlobalSection
	GlobalSection(SolutionProperties) = preSolution
		HideSolutionNode = FALSE
	EndGlobalSection
	GlobalSection(ExtensibilityGlobals) = postSolution
		SolutionGuid = {0FFFB502-356C-4297-BF5C-53BF37586DC4}
	EndGlobalSection
EndGlobal
