
Microsoft Visual Studio Solution File, Format Version 12.00
# Visual Studio 15
VisualStudioVersion = 15.0.28307.106
MinimumVisualStudioVersion = 10.0.40219.1
Project("{FAE04EC0-301F-11D3-BF4B-00C04F79EFBC}") = "TPLinkSmartHome", "TPLinkSmartHome\TPLinkSmartHome.csproj", "{232D6AB5-535A-4CBD-B763-F879402B6638}"
EndProject
Global
	GlobalSection(SolutionConfigurationPlatforms) = preSolution
		Debug|Any CPU = Debug|Any CPU
		Release|Any CPU = Release|Any CPU
	EndGlobalSection
	GlobalSection(ProjectConfigurationPlatforms) = postSolution
		{232D6AB5-535A-4CBD-B763-F879402B6638}.Debug|Any CPU.ActiveCfg = Debug|Any CPU
		{232D6AB5-535A-4CBD-B763-F879402B6638}.Debug|Any CPU.Build.0 = Debug|Any CPU
		{232D6AB5-535A-4CBD-B763-F879402B6638}.Release|Any CPU.ActiveCfg = Release|Any CPU
		{232D6AB5-535A-4CBD-B763-F879402B6638}.Release|Any CPU.Build.0 = Release|Any CPU
	EndGlobalSection
	GlobalSection(SolutionProperties) = preSolution
		HideSolutionNode = FALSE
	EndGlobalSection
	GlobalSection(ExtensibilityGlobals) = postSolution
		SolutionGuid = {51B0083C-C667-4DA5-82F7-6D801B1EE19E}
	EndGlobalSection
EndGlobal
