
Microsoft Visual Studio Solution File, Format Version 12.00
# Visual Studio 15
VisualStudioVersion = 15.0.26730.10
MinimumVisualStudioVersion = 10.0.40219.1
Project("{FAE04EC0-301F-11D3-BF4B-00C04F79EFBC}") = "SSound", "SSound\SSound.csproj", "{423E5906-6013-430E-92EC-EA14DD74DFBF}"
EndProject
Project("{2150E333-8FDC-42A3-9474-1A3956D46DE8}") = "Solution Items", "Solution Items", "{88563E77-EE2A-43A0-9B48-9253BFFE6D5B}"
	ProjectSection(SolutionItems) = preProject
		CereVoiceCloudGuide.pdf = CereVoiceCloudGuide.pdf
		LICENSE = LICENSE
		README.md = README.md
	EndProjectSection
EndProject
Global
	GlobalSection(SolutionConfigurationPlatforms) = preSolution
		Debug|Any CPU = Debug|Any CPU
		Release|Any CPU = Release|Any CPU
	EndGlobalSection
	GlobalSection(ProjectConfigurationPlatforms) = postSolution
		{423E5906-6013-430E-92EC-EA14DD74DFBF}.Debug|Any CPU.ActiveCfg = Debug|Any CPU
		{423E5906-6013-430E-92EC-EA14DD74DFBF}.Debug|Any CPU.Build.0 = Debug|Any CPU
		{423E5906-6013-430E-92EC-EA14DD74DFBF}.Release|Any CPU.ActiveCfg = Release|Any CPU
		{423E5906-6013-430E-92EC-EA14DD74DFBF}.Release|Any CPU.Build.0 = Release|Any CPU
	EndGlobalSection
	GlobalSection(SolutionProperties) = preSolution
		HideSolutionNode = FALSE
	EndGlobalSection
	GlobalSection(ExtensibilityGlobals) = postSolution
		SolutionGuid = {1A01F30F-3D63-43AD-902F-5BF0A634AC3F}
	EndGlobalSection
EndGlobal
