
Microsoft Visual Studio Solution File, Format Version 12.00
# Visual Studio 14
VisualStudioVersion = 14.0.24720.0
MinimumVisualStudioVersion = 10.0.40219.1
Project("{2150E333-8FDC-42A3-9474-1A3956D46DE8}") = "Solution Items", "Solution Items", "{374AA54A-EC45-438E-9D78-4C9F0C8E65A5}"
	ProjectSection(SolutionItems) = preProject
		LICENSE = LICENSE
		README.md = README.md
	EndProjectSection
EndProject
Project("{FAE04EC0-301F-11D3-BF4B-00C04F79EFBC}") = "GraylogConnector", "GraylogConnector\GraylogConnector.csproj", "{8DF62C0E-AED9-48D2-9A18-35CD4BE815E9}"
EndProject
Global
	GlobalSection(SolutionConfigurationPlatforms) = preSolution
		Debug|Any CPU = Debug|Any CPU
		Release|Any CPU = Release|Any CPU
	EndGlobalSection
	GlobalSection(ProjectConfigurationPlatforms) = postSolution
		{8DF62C0E-AED9-48D2-9A18-35CD4BE815E9}.Debug|Any CPU.ActiveCfg = Debug|Any CPU
		{8DF62C0E-AED9-48D2-9A18-35CD4BE815E9}.Debug|Any CPU.Build.0 = Debug|Any CPU
		{8DF62C0E-AED9-48D2-9A18-35CD4BE815E9}.Release|Any CPU.ActiveCfg = Release|Any CPU
		{8DF62C0E-AED9-48D2-9A18-35CD4BE815E9}.Release|Any CPU.Build.0 = Release|Any CPU
	EndGlobalSection
	GlobalSection(SolutionProperties) = preSolution
		HideSolutionNode = FALSE
	EndGlobalSection
EndGlobal
