
Microsoft Visual Studio Solution File, Format Version 12.00
# Visual Studio Version 16
VisualStudioVersion = 16.0.30011.22
MinimumVisualStudioVersion = 10.0.40219.1
Project("{2150E333-8FDC-42A3-9474-1A3956D46DE8}") = "Solution Items", "Solution Items", "{E26A76D4-C8BC-4466-9413-1A030B3EDCC4}"
	ProjectSection(SolutionItems) = preProject
		GetNestAccessToken.ps1 = GetNestAccessToken.ps1
		LICENSE = LICENSE
		README.md = README.md
	EndProjectSection
EndProject
Project("{FAE04EC0-301F-11D3-BF4B-00C04F79EFBC}") = "GoogleNest", "GoogleNest\GoogleNest.csproj", "{3EA4D05C-9D3C-4FCE-A365-62AB39783CC8}"
EndProject
Global
	GlobalSection(SolutionConfigurationPlatforms) = preSolution
		Debug|Any CPU = Debug|Any CPU
		Release|Any CPU = Release|Any CPU
	EndGlobalSection
	GlobalSection(ProjectConfigurationPlatforms) = postSolution
		{3EA4D05C-9D3C-4FCE-A365-62AB39783CC8}.Debug|Any CPU.ActiveCfg = Debug|Any CPU
		{3EA4D05C-9D3C-4FCE-A365-62AB39783CC8}.Debug|Any CPU.Build.0 = Debug|Any CPU
		{3EA4D05C-9D3C-4FCE-A365-62AB39783CC8}.Release|Any CPU.ActiveCfg = Release|Any CPU
		{3EA4D05C-9D3C-4FCE-A365-62AB39783CC8}.Release|Any CPU.Build.0 = Release|Any CPU
	EndGlobalSection
	GlobalSection(SolutionProperties) = preSolution
		HideSolutionNode = FALSE
	EndGlobalSection
	GlobalSection(ExtensibilityGlobals) = postSolution
		SolutionGuid = {0F3161A9-2D36-46D0-AB95-F94761724541}
	EndGlobalSection
EndGlobal
