
Microsoft Visual Studio Solution File, Format Version 12.00
# Visual Studio 15
VisualStudioVersion = 15.0.27703.2035
MinimumVisualStudioVersion = 10.0.40219.1
Project("{FAE04EC0-301F-11D3-BF4B-00C04F79EFBC}") = "RfLink", "RfLink\RfLink.csproj", "{A0F503B9-83BC-47AF-8BA8-4CCA392CF311}"
EndProject
Global
	GlobalSection(SolutionConfigurationPlatforms) = preSolution
		Debug|Any CPU = Debug|Any CPU
		Release|Any CPU = Release|Any CPU
	EndGlobalSection
	GlobalSection(ProjectConfigurationPlatforms) = postSolution
		{A0F503B9-83BC-47AF-8BA8-4CCA392CF311}.Debug|Any CPU.ActiveCfg = Debug|Any CPU
		{A0F503B9-83BC-47AF-8BA8-4CCA392CF311}.Debug|Any CPU.Build.0 = Debug|Any CPU
		{A0F503B9-83BC-47AF-8BA8-4CCA392CF311}.Release|Any CPU.ActiveCfg = Release|Any CPU
		{A0F503B9-83BC-47AF-8BA8-4CCA392CF311}.Release|Any CPU.Build.0 = Release|Any CPU
	EndGlobalSection
	GlobalSection(SolutionProperties) = preSolution
		HideSolutionNode = FALSE
	EndGlobalSection
	GlobalSection(ExtensibilityGlobals) = postSolution
		SolutionGuid = {AF15BB51-C55C-4F66-8400-418E40CA6014}
	EndGlobalSection
EndGlobal
